// !$*UTF8*$!
{
	archiveVersion = 1;
	classes = {
	};
	objectVersion = 50;
	objects = {

/* Begin PBXBuildFile section */
		0A081E8C239C364F009A79AC /* AppDelegate.swift in Sources */ = {isa = PBXBuildFile; fileRef = 0A081E8B239C364F009A79AC /* AppDelegate.swift */; };
		0A081E90239C364F009A79AC /* MainViewController.swift in Sources */ = {isa = PBXBuildFile; fileRef = 0A081E8F239C364F009A79AC /* MainViewController.swift */; };
		0A081E93239C364F009A79AC /* Main.storyboard in Resources */ = {isa = PBXBuildFile; fileRef = 0A081E91239C364F009A79AC /* Main.storyboard */; };
		0A081E95239C3652009A79AC /* Assets.xcassets in Resources */ = {isa = PBXBuildFile; fileRef = 0A081E94239C3652009A79AC /* Assets.xcassets */; };
		0A081E98239C3652009A79AC /* LaunchScreen.storyboard in Resources */ = {isa = PBXBuildFile; fileRef = 0A081E96239C3652009A79AC /* LaunchScreen.storyboard */; };
		0A081EA3239C3652009A79AC /* ConcentrationTests.swift in Sources */ = {isa = PBXBuildFile; fileRef = 0A081EA2239C3652009A79AC /* ConcentrationTests.swift */; };
		0A081EBC239C7282009A79AC /* GameViewModel.swift in Sources */ = {isa = PBXBuildFile; fileRef = 0A081EBB239C7282009A79AC /* GameViewModel.swift */; };
		0AB62CD423A0018C00C4FCE7 /* CardsRepository.swift in Sources */ = {isa = PBXBuildFile; fileRef = 0AB62CD323A0018C00C4FCE7 /* CardsRepository.swift */; };
		0AB62CD623A0030400C4FCE7 /* CardsRepositoryImpl.swift in Sources */ = {isa = PBXBuildFile; fileRef = 0AB62CD523A0030400C4FCE7 /* CardsRepositoryImpl.swift */; };
/* End PBXBuildFile section */

/* Begin PBXContainerItemProxy section */
		0A081E9F239C3652009A79AC /* PBXContainerItemProxy */ = {
			isa = PBXContainerItemProxy;
			containerPortal = 0A081E80239C364F009A79AC /* Project object */;
			proxyType = 1;
			remoteGlobalIDString = 0A081E87239C364F009A79AC;
			remoteInfo = Concentration;
		};
/* End PBXContainerItemProxy section */

/* Begin PBXFileReference section */
		0A081E88239C364F009A79AC /* Concentration.app */ = {isa = PBXFileReference; explicitFileType = wrapper.application; includeInIndex = 0; path = Concentration.app; sourceTree = BUILT_PRODUCTS_DIR; };
		0A081E8B239C364F009A79AC /* AppDelegate.swift */ = {isa = PBXFileReference; lastKnownFileType = sourcecode.swift; path = AppDelegate.swift; sourceTree = "<group>"; };
		0A081E8F239C364F009A79AC /* MainViewController.swift */ = {isa = PBXFileReference; lastKnownFileType = sourcecode.swift; path = MainViewController.swift; sourceTree = "<group>"; };
		0A081E92239C364F009A79AC /* Base */ = {isa = PBXFileReference; lastKnownFileType = file.storyboard; name = Base; path = Base.lproj/Main.storyboard; sourceTree = "<group>"; };
		0A081E94239C3652009A79AC /* Assets.xcassets */ = {isa = PBXFileReference; lastKnownFileType = folder.assetcatalog; path = Assets.xcassets; sourceTree = "<group>"; };
		0A081E97239C3652009A79AC /* Base */ = {isa = PBXFileReference; lastKnownFileType = file.storyboard; name = Base; path = Base.lproj/LaunchScreen.storyboard; sourceTree = "<group>"; };
		0A081E99239C3652009A79AC /* Info.plist */ = {isa = PBXFileReference; lastKnownFileType = text.plist.xml; path = Info.plist; sourceTree = "<group>"; };
		0A081E9E239C3652009A79AC /* ConcentrationTests.xctest */ = {isa = PBXFileReference; explicitFileType = wrapper.cfbundle; includeInIndex = 0; path = ConcentrationTests.xctest; sourceTree = BUILT_PRODUCTS_DIR; };
		0A081EA2239C3652009A79AC /* ConcentrationTests.swift */ = {isa = PBXFileReference; lastKnownFileType = sourcecode.swift; path = ConcentrationTests.swift; sourceTree = "<group>"; };
		0A081EA4239C3652009A79AC /* Info.plist */ = {isa = PBXFileReference; lastKnownFileType = text.plist.xml; path = Info.plist; sourceTree = "<group>"; };
		0A081EBB239C7282009A79AC /* GameViewModel.swift */ = {isa = PBXFileReference; lastKnownFileType = sourcecode.swift; path = GameViewModel.swift; sourceTree = "<group>"; };
		0AB62CD323A0018C00C4FCE7 /* CardsRepository.swift */ = {isa = PBXFileReference; lastKnownFileType = sourcecode.swift; path = CardsRepository.swift; sourceTree = "<group>"; };
		0AB62CD523A0030400C4FCE7 /* CardsRepositoryImpl.swift */ = {isa = PBXFileReference; lastKnownFileType = sourcecode.swift; path = CardsRepositoryImpl.swift; sourceTree = "<group>"; };
/* End PBXFileReference section */

/* Begin PBXFrameworksBuildPhase section */
		0A081E85239C364F009A79AC /* Frameworks */ = {
			isa = PBXFrameworksBuildPhase;
			buildActionMask = 2147483647;
			files = (
			);
			runOnlyForDeploymentPostprocessing = 0;
		};
		0A081E9B239C3652009A79AC /* Frameworks */ = {
			isa = PBXFrameworksBuildPhase;
			buildActionMask = 2147483647;
			files = (
			);
			runOnlyForDeploymentPostprocessing = 0;
		};
/* End PBXFrameworksBuildPhase section */

/* Begin PBXGroup section */
		0A081E7F239C364F009A79AC = {
			isa = PBXGroup;
			children = (
				0A081E8A239C364F009A79AC /* Concentration */,
				0A081EA1239C3652009A79AC /* ConcentrationTests */,
				0A081E89239C364F009A79AC /* Products */,
			);
			sourceTree = "<group>";
		};
		0A081E89239C364F009A79AC /* Products */ = {
			isa = PBXGroup;
			children = (
				0A081E88239C364F009A79AC /* Concentration.app */,
				0A081E9E239C3652009A79AC /* ConcentrationTests.xctest */,
			);
			name = Products;
			sourceTree = "<group>";
		};
		0A081E8A239C364F009A79AC /* Concentration */ = {
			isa = PBXGroup;
			children = (
				0A081E8B239C364F009A79AC /* AppDelegate.swift */,
				0A081E8F239C364F009A79AC /* MainViewController.swift */,
				0A081E91239C364F009A79AC /* Main.storyboard */,
				0A081E94239C3652009A79AC /* Assets.xcassets */,
				0A081E96239C3652009A79AC /* LaunchScreen.storyboard */,
				0A081E99239C3652009A79AC /* Info.plist */,
				0A081EBB239C7282009A79AC /* GameViewModel.swift */,
				0AB62CD323A0018C00C4FCE7 /* CardsRepository.swift */,
				0AB62CD523A0030400C4FCE7 /* CardsRepositoryImpl.swift */,
			);
			path = Concentration;
			sourceTree = "<group>";
		};
		0A081EA1239C3652009A79AC /* ConcentrationTests */ = {
			isa = PBXGroup;
			children = (
				0A081EA2239C3652009A79AC /* ConcentrationTests.swift */,
				0A081EA4239C3652009A79AC /* Info.plist */,
			);
			path = ConcentrationTests;
			sourceTree = "<group>";
		};
/* End PBXGroup section */

/* Begin PBXNativeTarget section */
		0A081E87239C364F009A79AC /* Concentration */ = {
			isa = PBXNativeTarget;
			buildConfigurationList = 0A081EB2239C3652009A79AC /* Build configuration list for PBXNativeTarget "Concentration" */;
			buildPhases = (
				0A081E84239C364F009A79AC /* Sources */,
				0A081E85239C364F009A79AC /* Frameworks */,
				0A081E86239C364F009A79AC /* Resources */,
			);
			buildRules = (
			);
			dependencies = (
			);
			name = Concentration;
			productName = Concentration;
			productReference = 0A081E88239C364F009A79AC /* Concentration.app */;
			productType = "com.apple.product-type.application";
		};
		0A081E9D239C3652009A79AC /* ConcentrationTests */ = {
			isa = PBXNativeTarget;
			buildConfigurationList = 0A081EB5239C3652009A79AC /* Build configuration list for PBXNativeTarget "ConcentrationTests" */;
			buildPhases = (
				0A081E9A239C3652009A79AC /* Sources */,
				0A081E9B239C3652009A79AC /* Frameworks */,
				0A081E9C239C3652009A79AC /* Resources */,
			);
			buildRules = (
			);
			dependencies = (
				0A081EA0239C3652009A79AC /* PBXTargetDependency */,
			);
			name = ConcentrationTests;
			productName = ConcentrationTests;
			productReference = 0A081E9E239C3652009A79AC /* ConcentrationTests.xctest */;
			productType = "com.apple.product-type.bundle.unit-test";
		};
/* End PBXNativeTarget section */

/* Begin PBXProject section */
		0A081E80239C364F009A79AC /* Project object */ = {
			isa = PBXProject;
			attributes = {
				LastSwiftUpdateCheck = 1120;
				LastUpgradeCheck = 1120;
				ORGANIZATIONNAME = "Pavel Suvit";
				TargetAttributes = {
					0A081E87239C364F009A79AC = {
						CreatedOnToolsVersion = 11.2.1;
					};
					0A081E9D239C3652009A79AC = {
						CreatedOnToolsVersion = 11.2.1;
						TestTargetID = 0A081E87239C364F009A79AC;
					};
				};
			};
			buildConfigurationList = 0A081E83239C364F009A79AC /* Build configuration list for PBXProject "Concentration" */;
			compatibilityVersion = "Xcode 9.3";
			developmentRegion = en;
			hasScannedForEncodings = 0;
			knownRegions = (
				en,
				Base,
			);
			mainGroup = 0A081E7F239C364F009A79AC;
			productRefGroup = 0A081E89239C364F009A79AC /* Products */;
			projectDirPath = "";
			projectRoot = "";
			targets = (
				0A081E87239C364F009A79AC /* Concentration */,
				0A081E9D239C3652009A79AC /* ConcentrationTests */,
			);
		};
/* End PBXProject section */

/* Begin PBXResourcesBuildPhase section */
		0A081E86239C364F009A79AC /* Resources */ = {
			isa = PBXResourcesBuildPhase;
			buildActionMask = 2147483647;
			files = (
				0A081E98239C3652009A79AC /* LaunchScreen.storyboard in Resources */,
				0A081E95239C3652009A79AC /* Assets.xcassets in Resources */,
				0A081E93239C364F009A79AC /* Main.storyboard in Resources */,
			);
			runOnlyForDeploymentPostprocessing = 0;
		};
		0A081E9C239C3652009A79AC /* Resources */ = {
			isa = PBXResourcesBuildPhase;
			buildActionMask = 2147483647;
			files = (
			);
			runOnlyForDeploymentPostprocessing = 0;
		};
/* End PBXResourcesBuildPhase section */

/* Begin PBXSourcesBuildPhase section */
		0A081E84239C364F009A79AC /* Sources */ = {
			isa = PBXSourcesBuildPhase;
			buildActionMask = 2147483647;
			files = (
				0A081EBC239C7282009A79AC /* GameViewModel.swift in Sources */,
				0AB62CD623A0030400C4FCE7 /* CardsRepositoryImpl.swift in Sources */,
				0AB62CD423A0018C00C4FCE7 /* CardsRepository.swift in Sources */,
				0A081E90239C364F009A79AC /* MainViewController.swift in Sources */,
				0A081E8C239C364F009A79AC /* AppDelegate.swift in Sources */,
			);
			runOnlyForDeploymentPostprocessing = 0;
		};
		0A081E9A239C3652009A79AC /* Sources */ = {
			isa = PBXSourcesBuildPhase;
			buildActionMask = 2147483647;
			files = (
				0A081EA3239C3652009A79AC /* ConcentrationTests.swift in Sources */,
			);
			runOnlyForDeploymentPostprocessing = 0;
		};
/* End PBXSourcesBuildPhase section */

/* Begin PBXTargetDependency section */
		0A081EA0239C3652009A79AC /* PBXTargetDependency */ = {
			isa = PBXTargetDependency;
			target = 0A081E87239C364F009A79AC /* Concentration */;
			targetProxy = 0A081E9F239C3652009A79AC /* PBXContainerItemProxy */;
		};
/* End PBXTargetDependency section */

/* Begin PBXVariantGroup section */
		0A081E91239C364F009A79AC /* Main.storyboard */ = {
			isa = PBXVariantGroup;
			children = (
				0A081E92239C364F009A79AC /* Base */,
			);
			name = Main.storyboard;
			sourceTree = "<group>";
		};
		0A081E96239C3652009A79AC /* LaunchScreen.storyboard */ = {
			isa = PBXVariantGroup;
			children = (
				0A081E97239C3652009A79AC /* Base */,
			);
			name = LaunchScreen.storyboard;
			sourceTree = "<group>";
		};
/* End PBXVariantGroup section */

/* Begin XCBuildConfiguration section */
		0A081EB0239C3652009A79AC /* Debug */ = {
			isa = XCBuildConfiguration;
			buildSettings = {
				ALWAYS_SEARCH_USER_PATHS = NO;
				CLANG_ANALYZER_NONNULL = YES;
				CLANG_ANALYZER_NUMBER_OBJECT_CONVERSION = YES_AGGRESSIVE;
				CLANG_CXX_LANGUAGE_STANDARD = "gnu++14";
				CLANG_CXX_LIBRARY = "libc++";
				CLANG_ENABLE_MODULES = YES;
				CLANG_ENABLE_OBJC_ARC = YES;
				CLANG_ENABLE_OBJC_WEAK = YES;
				CLANG_WARN_BLOCK_CAPTURE_AUTORELEASING = YES;
				CLANG_WARN_BOOL_CONVERSION = YES;
				CLANG_WARN_COMMA = YES;
				CLANG_WARN_CONSTANT_CONVERSION = YES;
				CLANG_WARN_DEPRECATED_OBJC_IMPLEMENTATIONS = YES;
				CLANG_WARN_DIRECT_OBJC_ISA_USAGE = YES_ERROR;
				CLANG_WARN_DOCUMENTATION_COMMENTS = YES;
				CLANG_WARN_EMPTY_BODY = YES;
				CLANG_WARN_ENUM_CONVERSION = YES;
				CLANG_WARN_INFINITE_RECURSION = YES;
				CLANG_WARN_INT_CONVERSION = YES;
				CLANG_WARN_NON_LITERAL_NULL_CONVERSION = YES;
				CLANG_WARN_OBJC_IMPLICIT_RETAIN_SELF = YES;
				CLANG_WARN_OBJC_LITERAL_CONVERSION = YES;
				CLANG_WARN_OBJC_ROOT_CLASS = YES_ERROR;
				CLANG_WARN_RANGE_LOOP_ANALYSIS = YES;
				CLANG_WARN_STRICT_PROTOTYPES = YES;
				CLANG_WARN_SUSPICIOUS_MOVE = YES;
				CLANG_WARN_UNGUARDED_AVAILABILITY = YES_AGGRESSIVE;
				CLANG_WARN_UNREACHABLE_CODE = YES;
				CLANG_WARN__DUPLICATE_METHOD_MATCH = YES;
				COPY_PHASE_STRIP = NO;
				DEBUG_INFORMATION_FORMAT = dwarf;
				ENABLE_STRICT_OBJC_MSGSEND = YES;
				ENABLE_TESTABILITY = YES;
				GCC_C_LANGUAGE_STANDARD = gnu11;
				GCC_DYNAMIC_NO_PIC = NO;
				GCC_NO_COMMON_BLOCKS = YES;
				GCC_OPTIMIZATION_LEVEL = 0;
				GCC_PREPROCESSOR_DEFINITIONS = (
					"DEBUG=1",
					"$(inherited)",
				);
				GCC_WARN_64_TO_32_BIT_CONVERSION = YES;
				GCC_WARN_ABOUT_RETURN_TYPE = YES_ERROR;
				GCC_WARN_UNDECLARED_SELECTOR = YES;
				GCC_WARN_UNINITIALIZED_AUTOS = YES_AGGRESSIVE;
				GCC_WARN_UNUSED_FUNCTION = YES;
				GCC_WARN_UNUSED_VARIABLE = YES;
				IPHONEOS_DEPLOYMENT_TARGET = 13.2;
				MTL_ENABLE_DEBUG_INFO = INCLUDE_SOURCE;
				MTL_FAST_MATH = YES;
				ONLY_ACTIVE_ARCH = YES;
				SDKROOT = iphoneos;
				SWIFT_ACTIVE_COMPILATION_CONDITIONS = DEBUG;
				SWIFT_OPTIMIZATION_LEVEL = "-Onone";
			};
			name = Debug;
		};
		0A081EB1239C3652009A79AC /* Release */ = {
			isa = XCBuildConfiguration;
			buildSettings = {
				ALWAYS_SEARCH_USER_PATHS = NO;
				CLANG_ANALYZER_NONNULL = YES;
				CLANG_ANALYZER_NUMBER_OBJECT_CONVERSION = YES_AGGRESSIVE;
				CLANG_CXX_LANGUAGE_STANDARD = "gnu++14";
				CLANG_CXX_LIBRARY = "libc++";
				CLANG_ENABLE_MODULES = YES;
				CLANG_ENABLE_OBJC_ARC = YES;
				CLANG_ENABLE_OBJC_WEAK = YES;
				CLANG_WARN_BLOCK_CAPTURE_AUTORELEASING = YES;
				CLANG_WARN_BOOL_CONVERSION = YES;
				CLANG_WARN_COMMA = YES;
				CLANG_WARN_CONSTANT_CONVERSION = YES;
				CLANG_WARN_DEPRECATED_OBJC_IMPLEMENTATIONS = YES;
				CLANG_WARN_DIRECT_OBJC_ISA_USAGE = YES_ERROR;
				CLANG_WARN_DOCUMENTATION_COMMENTS = YES;
				CLANG_WARN_EMPTY_BODY = YES;
				CLANG_WARN_ENUM_CONVERSION = YES;
				CLANG_WARN_INFINITE_RECURSION = YES;
				CLANG_WARN_INT_CONVERSION = YES;
				CLANG_WARN_NON_LITERAL_NULL_CONVERSION = YES;
				CLANG_WARN_OBJC_IMPLICIT_RETAIN_SELF = YES;
				CLANG_WARN_OBJC_LITERAL_CONVERSION = YES;
				CLANG_WARN_OBJC_ROOT_CLASS = YES_ERROR;
				CLANG_WARN_RANGE_LOOP_ANALYSIS = YES;
				CLANG_WARN_STRICT_PROTOTYPES = YES;
				CLANG_WARN_SUSPICIOUS_MOVE = YES;
				CLANG_WARN_UNGUARDED_AVAILABILITY = YES_AGGRESSIVE;
				CLANG_WARN_UNREACHABLE_CODE = YES;
				CLANG_WARN__DUPLICATE_METHOD_MATCH = YES;
				COPY_PHASE_STRIP = NO;
				DEBUG_INFORMATION_FORMAT = "dwarf-with-dsym";
				ENABLE_NS_ASSERTIONS = NO;
				ENABLE_STRICT_OBJC_MSGSEND = YES;
				GCC_C_LANGUAGE_STANDARD = gnu11;
				GCC_NO_COMMON_BLOCKS = YES;
				GCC_WARN_64_TO_32_BIT_CONVERSION = YES;
				GCC_WARN_ABOUT_RETURN_TYPE = YES_ERROR;
				GCC_WARN_UNDECLARED_SELECTOR = YES;
				GCC_WARN_UNINITIALIZED_AUTOS = YES_AGGRESSIVE;
				GCC_WARN_UNUSED_FUNCTION = YES;
				GCC_WARN_UNUSED_VARIABLE = YES;
				IPHONEOS_DEPLOYMENT_TARGET = 13.2;
				MTL_ENABLE_DEBUG_INFO = NO;
				MTL_FAST_MATH = YES;
				SDKROOT = iphoneos;
				SWIFT_COMPILATION_MODE = wholemodule;
				SWIFT_OPTIMIZATION_LEVEL = "-O";
				VALIDATE_PRODUCT = YES;
			};
			name = Release;
		};
		0A081EB3239C3652009A79AC /* Debug */ = {
			isa = XCBuildConfiguration;
			buildSettings = {
				ASSETCATALOG_COMPILER_APPICON_NAME = AppIcon;
				CODE_SIGN_STYLE = Automatic;
				INFOPLIST_FILE = Concentration/Info.plist;
				IPHONEOS_DEPLOYMENT_TARGET = 10.3;
				LD_RUNPATH_SEARCH_PATHS = (
					"$(inherited)",
					"@executable_path/Frameworks",
				);
				PRODUCT_BUNDLE_IDENTIFIER = com.lonelytrip.wordpress.Concentration;
				PRODUCT_NAME = "$(TARGET_NAME)";
				SWIFT_VERSION = 5.0;
				TARGETED_DEVICE_FAMILY = "1,2";
			};
			name = Debug;
		};
		0A081EB4239C3652009A79AC /* Release */ = {
			isa = XCBuildConfiguration;
			buildSettings = {
				ASSETCATALOG_COMPILER_APPICON_NAME = AppIcon;
				CODE_SIGN_STYLE = Automatic;
				INFOPLIST_FILE = Concentration/Info.plist;
				IPHONEOS_DEPLOYMENT_TARGET = 10.3;
				LD_RUNPATH_SEARCH_PATHS = (
					"$(inherited)",
					"@executable_path/Frameworks",
				);
				PRODUCT_BUNDLE_IDENTIFIER = com.lonelytrip.wordpress.Concentration;
				PRODUCT_NAME = "$(TARGET_NAME)";
				SWIFT_VERSION = 5.0;
				TARGETED_DEVICE_FAMILY = "1,2";
			};
			name = Release;
		};
		0A081EB6239C3652009A79AC /* Debug */ = {
			isa = XCBuildConfiguration;
			buildSettings = {
				ALWAYS_EMBED_SWIFT_STANDARD_LIBRARIES = YES;
				BUNDLE_LOADER = "$(TEST_HOST)";
				CODE_SIGN_STYLE = Automatic;
				INFOPLIST_FILE = ConcentrationTests/Info.plist;
				IPHONEOS_DEPLOYMENT_TARGET = 10.3;
				LD_RUNPATH_SEARCH_PATHS = (
					"$(inherited)",
					"@executable_path/Frameworks",
					"@loader_path/Frameworks",
				);
				PRODUCT_BUNDLE_IDENTIFIER = com.lonelytrip.wordpress.ConcentrationTests;
				PRODUCT_NAME = "$(TARGET_NAME)";
				SWIFT_VERSION = 5.0;
				TARGETED_DEVICE_FAMILY = "1,2";
				TEST_HOST = "$(BUILT_PRODUCTS_DIR)/Concentration.app/Concentration";
			};
			name = Debug;
		};
		0A081EB7239C3652009A79AC /* Release */ = {
			isa = XCBuildConfiguration;
			buildSettings = {
				ALWAYS_EMBED_SWIFT_STANDARD_LIBRARIES = YES;
				BUNDLE_LOADER = "$(TEST_HOST)";
				CODE_SIGN_STYLE = Automatic;
				INFOPLIST_FILE = ConcentrationTests/Info.plist;
				IPHONEOS_DEPLOYMENT_TARGET = 10.3;
				LD_RUNPATH_SEARCH_PATHS = (
					"$(inherited)",
					"@executable_path/Frameworks",
					"@loader_path/Frameworks",
				);
				PRODUCT_BUNDLE_IDENTIFIER = com.lonelytrip.wordpress.ConcentrationTests;
				PRODUCT_NAME = "$(TARGET_NAME)";
				SWIFT_VERSION = 5.0;
				TARGETED_DEVICE_FAMILY = "1,2";
				TEST_HOST = "$(BUILT_PRODUCTS_DIR)/Concentration.app/Concentration";
			};
			name = Release;
		};
/* End XCBuildConfiguration section */

/* Begin XCConfigurationList section */
		0A081E83239C364F009A79AC /* Build configuration list for PBXProject "Concentration" */ = {
			isa = XCConfigurationList;
			buildConfigurations = (
				0A081EB0239C3652009A79AC /* Debug */,
				0A081EB1239C3652009A79AC /* Release */,
			);
			defaultConfigurationIsVisible = 0;
			defaultConfigurationName = Release;
		};
		0A081EB2239C3652009A79AC /* Build configuration list for PBXNativeTarget "Concentration" */ = {
			isa = XCConfigurationList;
			buildConfigurations = (
				0A081EB3239C3652009A79AC /* Debug */,
				0A081EB4239C3652009A79AC /* Release */,
			);
			defaultConfigurationIsVisible = 0;
			defaultConfigurationName = Release;
		};
		0A081EB5239C3652009A79AC /* Build configuration list for PBXNativeTarget "ConcentrationTests" */ = {
			isa = XCConfigurationList;
			buildConfigurations = (
				0A081EB6239C3652009A79AC /* Debug */,
				0A081EB7239C3652009A79AC /* Release */,
			);
			defaultConfigurationIsVisible = 0;
			defaultConfigurationName = Release;
		};
/* End XCConfigurationList section */
	};
	rootObject = 0A081E80239C364F009A79AC /* Project object */;
}
